// !$*UTF8*$!
{
	archiveVersion = 1;
	classes = {
	};
	objectVersion = 50;
	objects = {

/* Begin PBXBuildFile section */
		09729E8C2300B28D009722B9 /* AppDelegate.swift in Sources */ = {isa = PBXBuildFile; fileRef = 09729E8B2300B28D009722B9 /* AppDelegate.swift */; };
		09729E8E2300B28D009722B9 /* ViewController.swift in Sources */ = {isa = PBXBuildFile; fileRef = 09729E8D2300B28D009722B9 /* ViewController.swift */; };
		09729E912300B28D009722B9 /* Main.storyboard in Resources */ = {isa = PBXBuildFile; fileRef = 09729E8F2300B28D009722B9 /* Main.storyboard */; };
		09729E942300B28D009722B9 /* StarWarsApp.xcdatamodeld in Sources */ = {isa = PBXBuildFile; fileRef = 09729E922300B28D009722B9 /* StarWarsApp.xcdatamodeld */; };
		09729E962300B291009722B9 /* Assets.xcassets in Resources */ = {isa = PBXBuildFile; fileRef = 09729E952300B291009722B9 /* Assets.xcassets */; };
		09729E992300B291009722B9 /* LaunchScreen.storyboard in Resources */ = {isa = PBXBuildFile; fileRef = 09729E972300B291009722B9 /* LaunchScreen.storyboard */; };
		09729EA62300B909009722B9 /* PeopleModel.swift in Sources */ = {isa = PBXBuildFile; fileRef = 09729EA52300B909009722B9 /* PeopleModel.swift */; };
		09729EA82300BD0F009722B9 /* PlanetsModel.swift in Sources */ = {isa = PBXBuildFile; fileRef = 09729EA72300BD0F009722B9 /* PlanetsModel.swift */; };
		09729EAA2300BE26009722B9 /* PeopleAPIClient.swift in Sources */ = {isa = PBXBuildFile; fileRef = 09729EA92300BE26009722B9 /* PeopleAPIClient.swift */; };
		09729EAC2300BE3B009722B9 /* PlanetAPIClient.swift in Sources */ = {isa = PBXBuildFile; fileRef = 09729EAB2300BE3B009722B9 /* PlanetAPIClient.swift */; };
		09729EAE2300BEAC009722B9 /* NetworkError.swift in Sources */ = {isa = PBXBuildFile; fileRef = 09729EAD2300BEAC009722B9 /* NetworkError.swift */; };
/* End PBXBuildFile section */

/* Begin PBXFileReference section */
		09729E882300B28D009722B9 /* StarWarsApp.app */ = {isa = PBXFileReference; explicitFileType = wrapper.application; includeInIndex = 0; path = StarWarsApp.app; sourceTree = BUILT_PRODUCTS_DIR; };
		09729E8B2300B28D009722B9 /* AppDelegate.swift */ = {isa = PBXFileReference; lastKnownFileType = sourcecode.swift; path = AppDelegate.swift; sourceTree = "<group>"; };
		09729E8D2300B28D009722B9 /* ViewController.swift */ = {isa = PBXFileReference; lastKnownFileType = sourcecode.swift; path = ViewController.swift; sourceTree = "<group>"; };
		09729E902300B28D009722B9 /* Base */ = {isa = PBXFileReference; lastKnownFileType = file.storyboard; name = Base; path = Base.lproj/Main.storyboard; sourceTree = "<group>"; };
		09729E932300B28D009722B9 /* StarWarsApp.xcdatamodel */ = {isa = PBXFileReference; lastKnownFileType = wrapper.xcdatamodel; path = StarWarsApp.xcdatamodel; sourceTree = "<group>"; };
		09729E952300B291009722B9 /* Assets.xcassets */ = {isa = PBXFileReference; lastKnownFileType = folder.assetcatalog; path = Assets.xcassets; sourceTree = "<group>"; };
		09729E982300B291009722B9 /* Base */ = {isa = PBXFileReference; lastKnownFileType = file.storyboard; name = Base; path = Base.lproj/LaunchScreen.storyboard; sourceTree = "<group>"; };
		09729E9A2300B291009722B9 /* Info.plist */ = {isa = PBXFileReference; lastKnownFileType = text.plist.xml; path = Info.plist; sourceTree = "<group>"; };
		09729EA52300B909009722B9 /* PeopleModel.swift */ = {isa = PBXFileReference; lastKnownFileType = sourcecode.swift; path = PeopleModel.swift; sourceTree = "<group>"; };
		09729EA72300BD0F009722B9 /* PlanetsModel.swift */ = {isa = PBXFileReference; lastKnownFileType = sourcecode.swift; path = PlanetsModel.swift; sourceTree = "<group>"; };
		09729EA92300BE26009722B9 /* PeopleAPIClient.swift */ = {isa = PBXFileReference; lastKnownFileType = sourcecode.swift; path = PeopleAPIClient.swift; sourceTree = "<group>"; };
		09729EAB2300BE3B009722B9 /* PlanetAPIClient.swift */ = {isa = PBXFileReference; lastKnownFileType = sourcecode.swift; path = PlanetAPIClient.swift; sourceTree = "<group>"; };
		09729EAD2300BEAC009722B9 /* NetworkError.swift */ = {isa = PBXFileReference; lastKnownFileType = sourcecode.swift; path = NetworkError.swift; sourceTree = "<group>"; };
/* End PBXFileReference section */

/* Begin PBXFrameworksBuildPhase section */
		09729E852300B28D009722B9 /* Frameworks */ = {
			isa = PBXFrameworksBuildPhase;
			buildActionMask = 2147483647;
			files = (
			);
			runOnlyForDeploymentPostprocessing = 0;
		};
/* End PBXFrameworksBuildPhase section */

/* Begin PBXGroup section */
		09729E7F2300B28D009722B9 = {
			isa = PBXGroup;
			children = (
				09729E8A2300B28D009722B9 /* StarWarsApp */,
				09729E892300B28D009722B9 /* Products */,
			);
			sourceTree = "<group>";
		};
		09729E892300B28D009722B9 /* Products */ = {
			isa = PBXGroup;
			children = (
				09729E882300B28D009722B9 /* StarWarsApp.app */,
			);
			name = Products;
			sourceTree = "<group>";
		};
		09729E8A2300B28D009722B9 /* StarWarsApp */ = {
			isa = PBXGroup;
			children = (
				09729EA12300B753009722B9 /* Network Services */,
				09729EA32300B77C009722B9 /* Models */,
				09729EA42300B78E009722B9 /* Controllers */,
				09729E8F2300B28D009722B9 /* Main.storyboard */,
				09729EA02300B327009722B9 /* Supporting Files */,
				09729E9A2300B291009722B9 /* Info.plist */,
				09729E922300B28D009722B9 /* StarWarsApp.xcdatamodeld */,
			);
			path = StarWarsApp;
			sourceTree = "<group>";
		};
		09729EA02300B327009722B9 /* Supporting Files */ = {
			isa = PBXGroup;
			children = (
				09729E8B2300B28D009722B9 /* AppDelegate.swift */,
				09729E952300B291009722B9 /* Assets.xcassets */,
				09729E972300B291009722B9 /* LaunchScreen.storyboard */,
			);
			path = "Supporting Files";
			sourceTree = "<group>";
		};
		09729EA12300B753009722B9 /* Network Services */ = {
			isa = PBXGroup;
			children = (
				09729EAD2300BEAC009722B9 /* NetworkError.swift */,
				09729EA92300BE26009722B9 /* PeopleAPIClient.swift */,
				09729EAB2300BE3B009722B9 /* PlanetAPIClient.swift */,
			);
			path = "Network Services";
			sourceTree = "<group>";
		};
		09729EA32300B77C009722B9 /* Models */ = {
			isa = PBXGroup;
			children = (
				09729EA52300B909009722B9 /* PeopleModel.swift */,
				09729EA72300BD0F009722B9 /* PlanetsModel.swift */,
			);
			path = Models;
			sourceTree = "<group>";
		};
		09729EA42300B78E009722B9 /* Controllers */ = {
			isa = PBXGroup;
			children = (
				09729E8D2300B28D009722B9 /* ViewController.swift */,
			);
			path = Controllers;
			sourceTree = "<group>";
		};
/* End PBXGroup section */

/* Begin PBXNativeTarget section */
		09729E872300B28D009722B9 /* StarWarsApp */ = {
			isa = PBXNativeTarget;
			buildConfigurationList = 09729E9D2300B291009722B9 /* Build configuration list for PBXNativeTarget "StarWarsApp" */;
			buildPhases = (
				09729E842300B28D009722B9 /* Sources */,
				09729E852300B28D009722B9 /* Frameworks */,
				09729E862300B28D009722B9 /* Resources */,
			);
			buildRules = (
			);
			dependencies = (
			);
			name = StarWarsApp;
			productName = StarWarsApp;
			productReference = 09729E882300B28D009722B9 /* StarWarsApp.app */;
			productType = "com.apple.product-type.application";
		};
/* End PBXNativeTarget section */

/* Begin PBXProject section */
		09729E802300B28D009722B9 /* Project object */ = {
			isa = PBXProject;
			attributes = {
				LastSwiftUpdateCheck = 1020;
				LastUpgradeCheck = 1020;
				ORGANIZATIONNAME = "Matthew Huie";
				TargetAttributes = {
					09729E872300B28D009722B9 = {
						CreatedOnToolsVersion = 10.2;
					};
				};
			};
			buildConfigurationList = 09729E832300B28D009722B9 /* Build configuration list for PBXProject "StarWarsApp" */;
			compatibilityVersion = "Xcode 9.3";
			developmentRegion = en;
			hasScannedForEncodings = 0;
			knownRegions = (
				en,
				Base,
			);
			mainGroup = 09729E7F2300B28D009722B9;
			productRefGroup = 09729E892300B28D009722B9 /* Products */;
			projectDirPath = "";
			projectRoot = "";
			targets = (
				09729E872300B28D009722B9 /* StarWarsApp */,
			);
		};
/* End PBXProject section */

/* Begin PBXResourcesBuildPhase section */
		09729E862300B28D009722B9 /* Resources */ = {
			isa = PBXResourcesBuildPhase;
			buildActionMask = 2147483647;
			files = (
				09729E992300B291009722B9 /* LaunchScreen.storyboard in Resources */,
				09729E962300B291009722B9 /* Assets.xcassets in Resources */,
				09729E912300B28D009722B9 /* Main.storyboard in Resources */,
			);
			runOnlyForDeploymentPostprocessing = 0;
		};
/* End PBXResourcesBuildPhase section */

/* Begin PBXSourcesBuildPhase section */
		09729E842300B28D009722B9 /* Sources */ = {
			isa = PBXSourcesBuildPhase;
			buildActionMask = 2147483647;
			files = (
				09729EAA2300BE26009722B9 /* PeopleAPIClient.swift in Sources */,
				09729EAE2300BEAC009722B9 /* NetworkError.swift in Sources */,
				09729E942300B28D009722B9 /* StarWarsApp.xcdatamodeld in Sources */,
				09729E8E2300B28D009722B9 /* ViewController.swift in Sources */,
				09729EA82300BD0F009722B9 /* PlanetsModel.swift in Sources */,
				09729EAC2300BE3B009722B9 /* PlanetAPIClient.swift in Sources */,
				09729EA62300B909009722B9 /* PeopleModel.swift in Sources */,
				09729E8C2300B28D009722B9 /* AppDelegate.swift in Sources */,
			);
			runOnlyForDeploymentPostprocessing = 0;
		};
/* End PBXSourcesBuildPhase section */

/* Begin PBXVariantGroup section */
		09729E8F2300B28D009722B9 /* Main.storyboard */ = {
			isa = PBXVariantGroup;
			children = (
				09729E902300B28D009722B9 /* Base */,
			);
			name = Main.storyboard;
			sourceTree = "<group>";
		};
		09729E972300B291009722B9 /* LaunchScreen.storyboard */ = {
			isa = PBXVariantGroup;
			children = (
				09729E982300B291009722B9 /* Base */,
			);
			name = LaunchScreen.storyboard;
			sourceTree = "<group>";
		};
/* End PBXVariantGroup section */

/* Begin XCBuildConfiguration section */
		09729E9B2300B291009722B9 /* Debug */ = {
			isa = XCBuildConfiguration;
			buildSettings = {
				ALWAYS_SEARCH_USER_PATHS = NO;
				CLANG_ANALYZER_NONNULL = YES;
				CLANG_ANALYZER_NUMBER_OBJECT_CONVERSION = YES_AGGRESSIVE;
				CLANG_CXX_LANGUAGE_STANDARD = "gnu++14";
				CLANG_CXX_LIBRARY = "libc++";
				CLANG_ENABLE_MODULES = YES;
				CLANG_ENABLE_OBJC_ARC = YES;
				CLANG_ENABLE_OBJC_WEAK = YES;
				CLANG_WARN_BLOCK_CAPTURE_AUTORELEASING = YES;
				CLANG_WARN_BOOL_CONVERSION = YES;
				CLANG_WARN_COMMA = YES;
				CLANG_WARN_CONSTANT_CONVERSION = YES;
				CLANG_WARN_DEPRECATED_OBJC_IMPLEMENTATIONS = YES;
				CLANG_WARN_DIRECT_OBJC_ISA_USAGE = YES_ERROR;
				CLANG_WARN_DOCUMENTATION_COMMENTS = YES;
				CLANG_WARN_EMPTY_BODY = YES;
				CLANG_WARN_ENUM_CONVERSION = YES;
				CLANG_WARN_INFINITE_RECURSION = YES;
				CLANG_WARN_INT_CONVERSION = YES;
				CLANG_WARN_NON_LITERAL_NULL_CONVERSION = YES;
				CLANG_WARN_OBJC_IMPLICIT_RETAIN_SELF = YES;
				CLANG_WARN_OBJC_LITERAL_CONVERSION = YES;
				CLANG_WARN_OBJC_ROOT_CLASS = YES_ERROR;
				CLANG_WARN_RANGE_LOOP_ANALYSIS = YES;
				CLANG_WARN_STRICT_PROTOTYPES = YES;
				CLANG_WARN_SUSPICIOUS_MOVE = YES;
				CLANG_WARN_UNGUARDED_AVAILABILITY = YES_AGGRESSIVE;
				CLANG_WARN_UNREACHABLE_CODE = YES;
				CLANG_WARN__DUPLICATE_METHOD_MATCH = YES;
				CODE_SIGN_IDENTITY = "iPhone Developer";
				COPY_PHASE_STRIP = NO;
				DEBUG_INFORMATION_FORMAT = dwarf;
				ENABLE_STRICT_OBJC_MSGSEND = YES;
				ENABLE_TESTABILITY = YES;
				GCC_C_LANGUAGE_STANDARD = gnu11;
				GCC_DYNAMIC_NO_PIC = NO;
				GCC_NO_COMMON_BLOCKS = YES;
				GCC_OPTIMIZATION_LEVEL = 0;
				GCC_PREPROCESSOR_DEFINITIONS = (
					"DEBUG=1",
					"$(inherited)",
				);
				GCC_WARN_64_TO_32_BIT_CONVERSION = YES;
				GCC_WARN_ABOUT_RETURN_TYPE = YES_ERROR;
				GCC_WARN_UNDECLARED_SELECTOR = YES;
				GCC_WARN_UNINITIALIZED_AUTOS = YES_AGGRESSIVE;
				GCC_WARN_UNUSED_FUNCTION = YES;
				GCC_WARN_UNUSED_VARIABLE = YES;
				IPHONEOS_DEPLOYMENT_TARGET = 12.2;
				MTL_ENABLE_DEBUG_INFO = INCLUDE_SOURCE;
				MTL_FAST_MATH = YES;
				ONLY_ACTIVE_ARCH = YES;
				SDKROOT = iphoneos;
				SWIFT_ACTIVE_COMPILATION_CONDITIONS = DEBUG;
				SWIFT_OPTIMIZATION_LEVEL = "-Onone";
			};
			name = Debug;
		};
		09729E9C2300B291009722B9 /* Release */ = {
			isa = XCBuildConfiguration;
			buildSettings = {
				ALWAYS_SEARCH_USER_PATHS = NO;
				CLANG_ANALYZER_NONNULL = YES;
				CLANG_ANALYZER_NUMBER_OBJECT_CONVERSION = YES_AGGRESSIVE;
				CLANG_CXX_LANGUAGE_STANDARD = "gnu++14";
				CLANG_CXX_LIBRARY = "libc++";
				CLANG_ENABLE_MODULES = YES;
				CLANG_ENABLE_OBJC_ARC = YES;
				CLANG_ENABLE_OBJC_WEAK = YES;
				CLANG_WARN_BLOCK_CAPTURE_AUTORELEASING = YES;
				CLANG_WARN_BOOL_CONVERSION = YES;
				CLANG_WARN_COMMA = YES;
				CLANG_WARN_CONSTANT_CONVERSION = YES;
				CLANG_WARN_DEPRECATED_OBJC_IMPLEMENTATIONS = YES;
				CLANG_WARN_DIRECT_OBJC_ISA_USAGE = YES_ERROR;
				CLANG_WARN_DOCUMENTATION_COMMENTS = YES;
				CLANG_WARN_EMPTY_BODY = YES;
				CLANG_WARN_ENUM_CONVERSION = YES;
				CLANG_WARN_INFINITE_RECURSION = YES;
				CLANG_WARN_INT_CONVERSION = YES;
				CLANG_WARN_NON_LITERAL_NULL_CONVERSION = YES;
				CLANG_WARN_OBJC_IMPLICIT_RETAIN_SELF = YES;
				CLANG_WARN_OBJC_LITERAL_CONVERSION = YES;
				CLANG_WARN_OBJC_ROOT_CLASS = YES_ERROR;
				CLANG_WARN_RANGE_LOOP_ANALYSIS = YES;
				CLANG_WARN_STRICT_PROTOTYPES = YES;
				CLANG_WARN_SUSPICIOUS_MOVE = YES;
				CLANG_WARN_UNGUARDED_AVAILABILITY = YES_AGGRESSIVE;
				CLANG_WARN_UNREACHABLE_CODE = YES;
				CLANG_WARN__DUPLICATE_METHOD_MATCH = YES;
				CODE_SIGN_IDENTITY = "iPhone Developer";
				COPY_PHASE_STRIP = NO;
				DEBUG_INFORMATION_FORMAT = "dwarf-with-dsym";
				ENABLE_NS_ASSERTIONS = NO;
				ENABLE_STRICT_OBJC_MSGSEND = YES;
				GCC_C_LANGUAGE_STANDARD = gnu11;
				GCC_NO_COMMON_BLOCKS = YES;
				GCC_WARN_64_TO_32_BIT_CONVERSION = YES;
				GCC_WARN_ABOUT_RETURN_TYPE = YES_ERROR;
				GCC_WARN_UNDECLARED_SELECTOR = YES;
				GCC_WARN_UNINITIALIZED_AUTOS = YES_AGGRESSIVE;
				GCC_WARN_UNUSED_FUNCTION = YES;
				GCC_WARN_UNUSED_VARIABLE = YES;
				IPHONEOS_DEPLOYMENT_TARGET = 12.2;
				MTL_ENABLE_DEBUG_INFO = NO;
				MTL_FAST_MATH = YES;
				SDKROOT = iphoneos;
				SWIFT_COMPILATION_MODE = wholemodule;
				SWIFT_OPTIMIZATION_LEVEL = "-O";
				VALIDATE_PRODUCT = YES;
			};
			name = Release;
		};
		09729E9E2300B291009722B9 /* Debug */ = {
			isa = XCBuildConfiguration;
			buildSettings = {
				ASSETCATALOG_COMPILER_APPICON_NAME = AppIcon;
				CODE_SIGN_STYLE = Automatic;
				DEVELOPMENT_TEAM = YTJZLJSH82;
				INFOPLIST_FILE = StarWarsApp/Info.plist;
				LD_RUNPATH_SEARCH_PATHS = (
					"$(inherited)",
					"@executable_path/Frameworks",
				);
				PRODUCT_BUNDLE_IDENTIFIER = "Huie-Matthew.StarWarsApp";
				PRODUCT_NAME = "$(TARGET_NAME)";
				SWIFT_VERSION = 5.0;
				TARGETED_DEVICE_FAMILY = "1,2";
			};
			name = Debug;
		};
		09729E9F2300B291009722B9 /* Release */ = {
			isa = XCBuildConfiguration;
			buildSettings = {
				ASSETCATALOG_COMPILER_APPICON_NAME = AppIcon;
				CODE_SIGN_STYLE = Automatic;
				DEVELOPMENT_TEAM = YTJZLJSH82;
				INFOPLIST_FILE = StarWarsApp/Info.plist;
				LD_RUNPATH_SEARCH_PATHS = (
					"$(inherited)",
					"@executable_path/Frameworks",
				);
				PRODUCT_BUNDLE_IDENTIFIER = "Huie-Matthew.StarWarsApp";
				PRODUCT_NAME = "$(TARGET_NAME)";
				SWIFT_VERSION = 5.0;
				TARGETED_DEVICE_FAMILY = "1,2";
			};
			name = Release;
		};
/* End XCBuildConfiguration section */

/* Begin XCConfigurationList section */
		09729E832300B28D009722B9 /* Build configuration list for PBXProject "StarWarsApp" */ = {
			isa = XCConfigurationList;
			buildConfigurations = (
				09729E9B2300B291009722B9 /* Debug */,
				09729E9C2300B291009722B9 /* Release */,
			);
			defaultConfigurationIsVisible = 0;
			defaultConfigurationName = Release;
		};
		09729E9D2300B291009722B9 /* Build configuration list for PBXNativeTarget "StarWarsApp" */ = {
			isa = XCConfigurationList;
			buildConfigurations = (
				09729E9E2300B291009722B9 /* Debug */,
				09729E9F2300B291009722B9 /* Release */,
			);
			defaultConfigurationIsVisible = 0;
			defaultConfigurationName = Release;
		};
/* End XCConfigurationList section */

/* Begin XCVersionGroup section */
		09729E922300B28D009722B9 /* StarWarsApp.xcdatamodeld */ = {
			isa = XCVersionGroup;
			children = (
				09729E932300B28D009722B9 /* StarWarsApp.xcdatamodel */,
			);
			currentVersion = 09729E932300B28D009722B9 /* StarWarsApp.xcdatamodel */;
			path = StarWarsApp.xcdatamodeld;
			sourceTree = "<group>";
			versionGroupType = wrapper.xcdatamodel;
		};
/* End XCVersionGroup section */
	};
	rootObject = 09729E802300B28D009722B9 /* Project object */;
}
